
Microsoft Visual Studio Solution File, Format Version 12.00
# Visual Studio Version 17
VisualStudioVersion = 17.7.34031.279
MinimumVisualStudioVersion = 10.0.40219.1
Project("{9A19103F-16F7-4668-BE54-9A1E7A4F7556}") = "ProyectoDBP-TIENDA", "ProyectoDBP-TIENDA\ProyectoDBP-TIENDA.csproj", "{1174FF0C-3C77-41A0-B42D-42E0C68D54FA}"
EndProject
Project("{2150E333-8FDC-42A3-9474-1A3956D46DE8}") = "SQL", "SQL", "{C6A0DABF-8F40-4B6D-B3B9-B9F8B7BACCA6}"
	ProjectSection(SolutionItems) = preProject
		INFOCHILL.SQL = INFOCHILL.SQL
	EndProjectSection
EndProject
Global
	GlobalSection(SolutionConfigurationPlatforms) = preSolution
		Debug|Any CPU = Debug|Any CPU
		Release|Any CPU = Release|Any CPU
	EndGlobalSection
	GlobalSection(ProjectConfigurationPlatforms) = postSolution
		{1174FF0C-3C77-41A0-B42D-42E0C68D54FA}.Debug|Any CPU.ActiveCfg = Debug|Any CPU
		{1174FF0C-3C77-41A0-B42D-42E0C68D54FA}.Debug|Any CPU.Build.0 = Debug|Any CPU
		{1174FF0C-3C77-41A0-B42D-42E0C68D54FA}.Release|Any CPU.ActiveCfg = Release|Any CPU
		{1174FF0C-3C77-41A0-B42D-42E0C68D54FA}.Release|Any CPU.Build.0 = Release|Any CPU
	EndGlobalSection
	GlobalSection(SolutionProperties) = preSolution
		HideSolutionNode = FALSE
	EndGlobalSection
	GlobalSection(ExtensibilityGlobals) = postSolution
		SolutionGuid = {6762D9EF-E342-476E-AE02-32121A30351D}
	EndGlobalSection
EndGlobal
